
Microsoft Visual Studio Solution File, Format Version 12.00
# Visual Studio 15
VisualStudioVersion = 15.0.28307.329
MinimumVisualStudioVersion = 10.0.40219.1
Project("{FAE04EC0-301F-11D3-BF4B-00C04F79EFBC}") = "BlossomSaves", "BlossomSaves\BlossomSaves.csproj", "{86DFE66F-D2A1-45B1-A67F-0E80B5A3E989}"
EndProject
Global
	GlobalSection(SolutionConfigurationPlatforms) = preSolution
		Debug|Any CPU = Debug|Any CPU
		Release|Any CPU = Release|Any CPU
	EndGlobalSection
	GlobalSection(ProjectConfigurationPlatforms) = postSolution
		{86DFE66F-D2A1-45B1-A67F-0E80B5A3E989}.Debug|Any CPU.ActiveCfg = Debug|Any CPU
		{86DFE66F-D2A1-45B1-A67F-0E80B5A3E989}.Debug|Any CPU.Build.0 = Debug|Any CPU
		{86DFE66F-D2A1-45B1-A67F-0E80B5A3E989}.Release|Any CPU.ActiveCfg = Release|Any CPU
		{86DFE66F-D2A1-45B1-A67F-0E80B5A3E989}.Release|Any CPU.Build.0 = Release|Any CPU
	EndGlobalSection
	GlobalSection(SolutionProperties) = preSolution
		HideSolutionNode = FALSE
	EndGlobalSection
	GlobalSection(ExtensibilityGlobals) = postSolution
		SolutionGuid = {A0F3BF37-06E1-44C6-AA49-4B75A1C40036}
	EndGlobalSection
EndGlobal
